
Microsoft Visual Studio Solution File, Format Version 12.00
# Visual Studio Version 17
VisualStudioVersion = 17.14.36401.2 d17.14
MinimumVisualStudioVersion = 10.0.40219.1
Project("{FAE04EC0-301F-11D3-BF4B-00C04F79EFBC}") = "ReactiveOrderProcess", "ReactiveOrderProcess\ReactiveOrderProcess.csproj", "{BC4830CE-AC50-4F97-BEF6-C994C48F467D}"
EndProject
Global
	GlobalSection(SolutionConfigurationPlatforms) = preSolution
		Debug|Any CPU = Debug|Any CPU
		Release|Any CPU = Release|Any CPU
	EndGlobalSection
	GlobalSection(ProjectConfigurationPlatforms) = postSolution
		{BC4830CE-AC50-4F97-BEF6-C994C48F467D}.Debug|Any CPU.ActiveCfg = Debug|Any CPU
		{BC4830CE-AC50-4F97-BEF6-C994C48F467D}.Debug|Any CPU.Build.0 = Debug|Any CPU
		{BC4830CE-AC50-4F97-BEF6-C994C48F467D}.Release|Any CPU.ActiveCfg = Release|Any CPU
		{BC4830CE-AC50-4F97-BEF6-C994C48F467D}.Release|Any CPU.Build.0 = Release|Any CPU
	EndGlobalSection
	GlobalSection(SolutionProperties) = preSolution
		HideSolutionNode = FALSE
	EndGlobalSection
	GlobalSection(ExtensibilityGlobals) = postSolution
		SolutionGuid = {23545563-38C5-4193-B458-8EF4A70012B6}
	EndGlobalSection
EndGlobal
